{
  "name": "node-xml2json-benchmark",
  "version": "1.0.0",
  "lockfileVersion": 1,
  "requires": true,
  "dependencies": {
    "camaro": {
      "version": "4.0.4",
      "resolved": "https://registry.npmjs.org/camaro/-/camaro-4.0.4.tgz",
      "integrity": "sha512-57znMjLDetasdy/DoR8EYu1jzl5+FejuAERc3KP14f/TM+8/rs+9Bt+HVZTqCsQXNUgtZ2hGc36cgDVJ7Elcwg=="
    }
  }
}
